
Microsoft Visual Studio Solution File, Format Version 12.00
# Visual Studio 15
VisualStudioVersion = 15.0.27703.2042
MinimumVisualStudioVersion = 10.0.40219.1
Project("{FAE04EC0-301F-11D3-BF4B-00C04F79EFBC}") = "Banco", "Banco\Banco.csproj", "{65A5DD54-72C6-4485-988C-6AE07A3D6523}"
EndProject
Global
	GlobalSection(SolutionConfigurationPlatforms) = preSolution
		Debug|Any CPU = Debug|Any CPU
		Release|Any CPU = Release|Any CPU
	EndGlobalSection
	GlobalSection(ProjectConfigurationPlatforms) = postSolution
		{65A5DD54-72C6-4485-988C-6AE07A3D6523}.Debug|Any CPU.ActiveCfg = Debug|Any CPU
		{65A5DD54-72C6-4485-988C-6AE07A3D6523}.Debug|Any CPU.Build.0 = Debug|Any CPU
		{65A5DD54-72C6-4485-988C-6AE07A3D6523}.Release|Any CPU.ActiveCfg = Release|Any CPU
		{65A5DD54-72C6-4485-988C-6AE07A3D6523}.Release|Any CPU.Build.0 = Release|Any CPU
	EndGlobalSection
	GlobalSection(SolutionProperties) = preSolution
		HideSolutionNode = FALSE
	EndGlobalSection
	GlobalSection(ExtensibilityGlobals) = postSolution
		SolutionGuid = {7A765F80-CF5E-41DC-8B41-765322A6F058}
	EndGlobalSection
EndGlobal
